// !$*UTF8*$!
{
	archiveVersion = 1;
	classes = {
	};
	objectVersion = 46;
	objects = {

/* Begin PBXBuildFile section */
		63EC36A21C0E1E1000724221 /* AppDelegate.swift in Sources */ = {isa = PBXBuildFile; fileRef = 63EC36A11C0E1E1000724221 /* AppDelegate.swift */; };
		63EC36A41C0E1E1000724221 /* ViewController.swift in Sources */ = {isa = PBXBuildFile; fileRef = 63EC36A31C0E1E1000724221 /* ViewController.swift */; };
		63EC36A71C0E1E1000724221 /* Main.storyboard in Resources */ = {isa = PBXBuildFile; fileRef = 63EC36A51C0E1E1000724221 /* Main.storyboard */; };
		63EC36A91C0E1E1000724221 /* Assets.xcassets in Resources */ = {isa = PBXBuildFile; fileRef = 63EC36A81C0E1E1000724221 /* Assets.xcassets */; };
		63EC36AC1C0E1E1000724221 /* LaunchScreen.storyboard in Resources */ = {isa = PBXBuildFile; fileRef = 63EC36AA1C0E1E1000724221 /* LaunchScreen.storyboard */; };
		63EC36B71C0E1E1000724221 /* SemanaCuatroVelocimetroMBVTests.swift in Sources */ = {isa = PBXBuildFile; fileRef = 63EC36B61C0E1E1000724221 /* SemanaCuatroVelocimetroMBVTests.swift */; };
		63EC36C21C0E1E1000724221 /* SemanaCuatroVelocimetroMBVUITests.swift in Sources */ = {isa = PBXBuildFile; fileRef = 63EC36C11C0E1E1000724221 /* SemanaCuatroVelocimetroMBVUITests.swift */; };
/* End PBXBuildFile section */

/* Begin PBXContainerItemProxy section */
		63EC36B31C0E1E1000724221 /* PBXContainerItemProxy */ = {
			isa = PBXContainerItemProxy;
			containerPortal = 63EC36961C0E1E1000724221 /* Project object */;
			proxyType = 1;
			remoteGlobalIDString = 63EC369D1C0E1E1000724221;
			remoteInfo = SemanaCuatroVelocimetroMBV;
		};
		63EC36BE1C0E1E1000724221 /* PBXContainerItemProxy */ = {
			isa = PBXContainerItemProxy;
			containerPortal = 63EC36961C0E1E1000724221 /* Project object */;
			proxyType = 1;
			remoteGlobalIDString = 63EC369D1C0E1E1000724221;
			remoteInfo = SemanaCuatroVelocimetroMBV;
		};
/* End PBXContainerItemProxy section */

/* Begin PBXFileReference section */
		63EC369E1C0E1E1000724221 /* SemanaCuatroVelocimetroMBV.app */ = {isa = PBXFileReference; explicitFileType = wrapper.application; includeInIndex = 0; path = SemanaCuatroVelocimetroMBV.app; sourceTree = BUILT_PRODUCTS_DIR; };
		63EC36A11C0E1E1000724221 /* AppDelegate.swift */ = {isa = PBXFileReference; lastKnownFileType = sourcecode.swift; path = AppDelegate.swift; sourceTree = "<group>"; };
		63EC36A31C0E1E1000724221 /* ViewController.swift */ = {isa = PBXFileReference; lastKnownFileType = sourcecode.swift; path = ViewController.swift; sourceTree = "<group>"; };
		63EC36A61C0E1E1000724221 /* Base */ = {isa = PBXFileReference; lastKnownFileType = file.storyboard; name = Base; path = Base.lproj/Main.storyboard; sourceTree = "<group>"; };
		63EC36A81C0E1E1000724221 /* Assets.xcassets */ = {isa = PBXFileReference; lastKnownFileType = folder.assetcatalog; path = Assets.xcassets; sourceTree = "<group>"; };
		63EC36AB1C0E1E1000724221 /* Base */ = {isa = PBXFileReference; lastKnownFileType = file.storyboard; name = Base; path = Base.lproj/LaunchScreen.storyboard; sourceTree = "<group>"; };
		63EC36AD1C0E1E1000724221 /* Info.plist */ = {isa = PBXFileReference; lastKnownFileType = text.plist.xml; path = Info.plist; sourceTree = "<group>"; };
		63EC36B21C0E1E1000724221 /* SemanaCuatroVelocimetroMBVTests.xctest */ = {isa = PBXFileReference; explicitFileType = wrapper.cfbundle; includeInIndex = 0; path = SemanaCuatroVelocimetroMBVTests.xctest; sourceTree = BUILT_PRODUCTS_DIR; };
		63EC36B61C0E1E1000724221 /* SemanaCuatroVelocimetroMBVTests.swift */ = {isa = PBXFileReference; lastKnownFileType = sourcecode.swift; path = SemanaCuatroVelocimetroMBVTests.swift; sourceTree = "<group>"; };
		63EC36B81C0E1E1000724221 /* Info.plist */ = {isa = PBXFileReference; lastKnownFileType = text.plist.xml; path = Info.plist; sourceTree = "<group>"; };
		63EC36BD1C0E1E1000724221 /* SemanaCuatroVelocimetroMBVUITests.xctest */ = {isa = PBXFileReference; explicitFileType = wrapper.cfbundle; includeInIndex = 0; path = SemanaCuatroVelocimetroMBVUITests.xctest; sourceTree = BUILT_PRODUCTS_DIR; };
		63EC36C11C0E1E1000724221 /* SemanaCuatroVelocimetroMBVUITests.swift */ = {isa = PBXFileReference; lastKnownFileType = sourcecode.swift; path = SemanaCuatroVelocimetroMBVUITests.swift; sourceTree = "<group>"; };
		63EC36C31C0E1E1000724221 /* Info.plist */ = {isa = PBXFileReference; lastKnownFileType = text.plist.xml; path = Info.plist; sourceTree = "<group>"; };
/* End PBXFileReference section */

/* Begin PBXFrameworksBuildPhase section */
		63EC369B1C0E1E1000724221 /* Frameworks */ = {
			isa = PBXFrameworksBuildPhase;
			buildActionMask = 2147483647;
			files = (
			);
			runOnlyForDeploymentPostprocessing = 0;
		};
		63EC36AF1C0E1E1000724221 /* Frameworks */ = {
			isa = PBXFrameworksBuildPhase;
			buildActionMask = 2147483647;
			files = (
			);
			runOnlyForDeploymentPostprocessing = 0;
		};
		63EC36BA1C0E1E1000724221 /* Frameworks */ = {
			isa = PBXFrameworksBuildPhase;
			buildActionMask = 2147483647;
			files = (
			);
			runOnlyForDeploymentPostprocessing = 0;
		};
/* End PBXFrameworksBuildPhase section */

/* Begin PBXGroup section */
		63EC36951C0E1E1000724221 = {
			isa = PBXGroup;
			children = (
				63EC36A01C0E1E1000724221 /* SemanaCuatroVelocimetroMBV */,
				63EC36B51C0E1E1000724221 /* SemanaCuatroVelocimetroMBVTests */,
				63EC36C01C0E1E1000724221 /* SemanaCuatroVelocimetroMBVUITests */,
				63EC369F1C0E1E1000724221 /* Products */,
			);
			sourceTree = "<group>";
		};
		63EC369F1C0E1E1000724221 /* Products */ = {
			isa = PBXGroup;
			children = (
				63EC369E1C0E1E1000724221 /* SemanaCuatroVelocimetroMBV.app */,
				63EC36B21C0E1E1000724221 /* SemanaCuatroVelocimetroMBVTests.xctest */,
				63EC36BD1C0E1E1000724221 /* SemanaCuatroVelocimetroMBVUITests.xctest */,
			);
			name = Products;
			sourceTree = "<group>";
		};
		63EC36A01C0E1E1000724221 /* SemanaCuatroVelocimetroMBV */ = {
			isa = PBXGroup;
			children = (
				63EC36A11C0E1E1000724221 /* AppDelegate.swift */,
				63EC36A31C0E1E1000724221 /* ViewController.swift */,
				63EC36A51C0E1E1000724221 /* Main.storyboard */,
				63EC36A81C0E1E1000724221 /* Assets.xcassets */,
				63EC36AA1C0E1E1000724221 /* LaunchScreen.storyboard */,
				63EC36AD1C0E1E1000724221 /* Info.plist */,
			);
			path = SemanaCuatroVelocimetroMBV;
			sourceTree = "<group>";
		};
		63EC36B51C0E1E1000724221 /* SemanaCuatroVelocimetroMBVTests */ = {
			isa = PBXGroup;
			children = (
				63EC36B61C0E1E1000724221 /* SemanaCuatroVelocimetroMBVTests.swift */,
				63EC36B81C0E1E1000724221 /* Info.plist */,
			);
			path = SemanaCuatroVelocimetroMBVTests;
			sourceTree = "<group>";
		};
		63EC36C01C0E1E1000724221 /* SemanaCuatroVelocimetroMBVUITests */ = {
			isa = PBXGroup;
			children = (
				63EC36C11C0E1E1000724221 /* SemanaCuatroVelocimetroMBVUITests.swift */,
				63EC36C31C0E1E1000724221 /* Info.plist */,
			);
			path = SemanaCuatroVelocimetroMBVUITests;
			sourceTree = "<group>";
		};
/* End PBXGroup section */

/* Begin PBXNativeTarget section */
		63EC369D1C0E1E1000724221 /* SemanaCuatroVelocimetroMBV */ = {
			isa = PBXNativeTarget;
			buildConfigurationList = 63EC36C61C0E1E1000724221 /* Build configuration list for PBXNativeTarget "SemanaCuatroVelocimetroMBV" */;
			buildPhases = (
				63EC369A1C0E1E1000724221 /* Sources */,
				63EC369B1C0E1E1000724221 /* Frameworks */,
				63EC369C1C0E1E1000724221 /* Resources */,
			);
			buildRules = (
			);
			dependencies = (
			);
			name = SemanaCuatroVelocimetroMBV;
			productName = SemanaCuatroVelocimetroMBV;
			productReference = 63EC369E1C0E1E1000724221 /* SemanaCuatroVelocimetroMBV.app */;
			productType = "com.apple.product-type.application";
		};
		63EC36B11C0E1E1000724221 /* SemanaCuatroVelocimetroMBVTests */ = {
			isa = PBXNativeTarget;
			buildConfigurationList = 63EC36C91C0E1E1000724221 /* Build configuration list for PBXNativeTarget "SemanaCuatroVelocimetroMBVTests" */;
			buildPhases = (
				63EC36AE1C0E1E1000724221 /* Sources */,
				63EC36AF1C0E1E1000724221 /* Frameworks */,
				63EC36B01C0E1E1000724221 /* Resources */,
			);
			buildRules = (
			);
			dependencies = (
				63EC36B41C0E1E1000724221 /* PBXTargetDependency */,
			);
			name = SemanaCuatroVelocimetroMBVTests;
			productName = SemanaCuatroVelocimetroMBVTests;
			productReference = 63EC36B21C0E1E1000724221 /* SemanaCuatroVelocimetroMBVTests.xctest */;
			productType = "com.apple.product-type.bundle.unit-test";
		};
		63EC36BC1C0E1E1000724221 /* SemanaCuatroVelocimetroMBVUITests */ = {
			isa = PBXNativeTarget;
			buildConfigurationList = 63EC36CC1C0E1E1000724221 /* Build configuration list for PBXNativeTarget "SemanaCuatroVelocimetroMBVUITests" */;
			buildPhases = (
				63EC36B91C0E1E1000724221 /* Sources */,
				63EC36BA1C0E1E1000724221 /* Frameworks */,
				63EC36BB1C0E1E1000724221 /* Resources */,
			);
			buildRules = (
			);
			dependencies = (
				63EC36BF1C0E1E1000724221 /* PBXTargetDependency */,
			);
			name = SemanaCuatroVelocimetroMBVUITests;
			productName = SemanaCuatroVelocimetroMBVUITests;
			productReference = 63EC36BD1C0E1E1000724221 /* SemanaCuatroVelocimetroMBVUITests.xctest */;
			productType = "com.apple.product-type.bundle.ui-testing";
		};
/* End PBXNativeTarget section */

/* Begin PBXProject section */
		63EC36961C0E1E1000724221 /* Project object */ = {
			isa = PBXProject;
			attributes = {
				LastSwiftUpdateCheck = 0710;
				LastUpgradeCheck = 0710;
				ORGANIZATIONNAME = "Miguel Benavente Valdés";
				TargetAttributes = {
					63EC369D1C0E1E1000724221 = {
						CreatedOnToolsVersion = 7.1.1;
						DevelopmentTeam = 93DCRRL9F7;
					};
					63EC36B11C0E1E1000724221 = {
						CreatedOnToolsVersion = 7.1.1;
						DevelopmentTeam = 93DCRRL9F7;
						TestTargetID = 63EC369D1C0E1E1000724221;
					};
					63EC36BC1C0E1E1000724221 = {
						CreatedOnToolsVersion = 7.1.1;
						DevelopmentTeam = 93DCRRL9F7;
						TestTargetID = 63EC369D1C0E1E1000724221;
					};
				};
			};
			buildConfigurationList = 63EC36991C0E1E1000724221 /* Build configuration list for PBXProject "SemanaCuatroVelocimetroMBV" */;
			compatibilityVersion = "Xcode 3.2";
			developmentRegion = English;
			hasScannedForEncodings = 0;
			knownRegions = (
				en,
				Base,
			);
			mainGroup = 63EC36951C0E1E1000724221;
			productRefGroup = 63EC369F1C0E1E1000724221 /* Products */;
			projectDirPath = "";
			projectRoot = "";
			targets = (
				63EC369D1C0E1E1000724221 /* SemanaCuatroVelocimetroMBV */,
				63EC36B11C0E1E1000724221 /* SemanaCuatroVelocimetroMBVTests */,
				63EC36BC1C0E1E1000724221 /* SemanaCuatroVelocimetroMBVUITests */,
			);
		};
/* End PBXProject section */

/* Begin PBXResourcesBuildPhase section */
		63EC369C1C0E1E1000724221 /* Resources */ = {
			isa = PBXResourcesBuildPhase;
			buildActionMask = 2147483647;
			files = (
				63EC36AC1C0E1E1000724221 /* LaunchScreen.storyboard in Resources */,
				63EC36A91C0E1E1000724221 /* Assets.xcassets in Resources */,
				63EC36A71C0E1E1000724221 /* Main.storyboard in Resources */,
			);
			runOnlyForDeploymentPostprocessing = 0;
		};
		63EC36B01C0E1E1000724221 /* Resources */ = {
			isa = PBXResourcesBuildPhase;
			buildActionMask = 2147483647;
			files = (
			);
			runOnlyForDeploymentPostprocessing = 0;
		};
		63EC36BB1C0E1E1000724221 /* Resources */ = {
			isa = PBXResourcesBuildPhase;
			buildActionMask = 2147483647;
			files = (
			);
			runOnlyForDeploymentPostprocessing = 0;
		};
/* End PBXResourcesBuildPhase section */

/* Begin PBXSourcesBuildPhase section */
		63EC369A1C0E1E1000724221 /* Sources */ = {
			isa = PBXSourcesBuildPhase;
			buildActionMask = 2147483647;
			files = (
				63EC36A41C0E1E1000724221 /* ViewController.swift in Sources */,
				63EC36A21C0E1E1000724221 /* AppDelegate.swift in Sources */,
			);
			runOnlyForDeploymentPostprocessing = 0;
		};
		63EC36AE1C0E1E1000724221 /* Sources */ = {
			isa = PBXSourcesBuildPhase;
			buildActionMask = 2147483647;
			files = (
				63EC36B71C0E1E1000724221 /* SemanaCuatroVelocimetroMBVTests.swift in Sources */,
			);
			runOnlyForDeploymentPostprocessing = 0;
		};
		63EC36B91C0E1E1000724221 /* Sources */ = {
			isa = PBXSourcesBuildPhase;
			buildActionMask = 2147483647;
			files = (
				63EC36C21C0E1E1000724221 /* SemanaCuatroVelocimetroMBVUITests.swift in Sources */,
			);
			runOnlyForDeploymentPostprocessing = 0;
		};
/* End PBXSourcesBuildPhase section */

/* Begin PBXTargetDependency section */
		63EC36B41C0E1E1000724221 /* PBXTargetDependency */ = {
			isa = PBXTargetDependency;
			target = 63EC369D1C0E1E1000724221 /* SemanaCuatroVelocimetroMBV */;
			targetProxy = 63EC36B31C0E1E1000724221 /* PBXContainerItemProxy */;
		};
		63EC36BF1C0E1E1000724221 /* PBXTargetDependency */ = {
			isa = PBXTargetDependency;
			target = 63EC369D1C0E1E1000724221 /* SemanaCuatroVelocimetroMBV */;
			targetProxy = 63EC36BE1C0E1E1000724221 /* PBXContainerItemProxy */;
		};
/* End PBXTargetDependency section */

/* Begin PBXVariantGroup section */
		63EC36A51C0E1E1000724221 /* Main.storyboard */ = {
			isa = PBXVariantGroup;
			children = (
				63EC36A61C0E1E1000724221 /* Base */,
			);
			name = Main.storyboard;
			sourceTree = "<group>";
		};
		63EC36AA1C0E1E1000724221 /* LaunchScreen.storyboard */ = {
			isa = PBXVariantGroup;
			children = (
				63EC36AB1C0E1E1000724221 /* Base */,
			);
			name = LaunchScreen.storyboard;
			sourceTree = "<group>";
		};
/* End PBXVariantGroup section */

/* Begin XCBuildConfiguration section */
		63EC36C41C0E1E1000724221 /* Debug */ = {
			isa = XCBuildConfiguration;
			buildSettings = {
				ALWAYS_SEARCH_USER_PATHS = NO;
				CLANG_CXX_LANGUAGE_STANDARD = "gnu++0x";
				CLANG_CXX_LIBRARY = "libc++";
				CLANG_ENABLE_MODULES = YES;
				CLANG_ENABLE_OBJC_ARC = YES;
				CLANG_WARN_BOOL_CONVERSION = YES;
				CLANG_WARN_CONSTANT_CONVERSION = YES;
				CLANG_WARN_DIRECT_OBJC_ISA_USAGE = YES_ERROR;
				CLANG_WARN_EMPTY_BODY = YES;
				CLANG_WARN_ENUM_CONVERSION = YES;
				CLANG_WARN_INT_CONVERSION = YES;
				CLANG_WARN_OBJC_ROOT_CLASS = YES_ERROR;
				CLANG_WARN_UNREACHABLE_CODE = YES;
				CLANG_WARN__DUPLICATE_METHOD_MATCH = YES;
				"CODE_SIGN_IDENTITY[sdk=iphoneos*]" = "iPhone Developer";
				COPY_PHASE_STRIP = NO;
				DEBUG_INFORMATION_FORMAT = dwarf;
				ENABLE_STRICT_OBJC_MSGSEND = YES;
				ENABLE_TESTABILITY = YES;
				GCC_C_LANGUAGE_STANDARD = gnu99;
				GCC_DYNAMIC_NO_PIC = NO;
				GCC_NO_COMMON_BLOCKS = YES;
				GCC_OPTIMIZATION_LEVEL = 0;
				GCC_PREPROCESSOR_DEFINITIONS = (
					"DEBUG=1",
					"$(inherited)",
				);
				GCC_WARN_64_TO_32_BIT_CONVERSION = YES;
				GCC_WARN_ABOUT_RETURN_TYPE = YES_ERROR;
				GCC_WARN_UNDECLARED_SELECTOR = YES;
				GCC_WARN_UNINITIALIZED_AUTOS = YES_AGGRESSIVE;
				GCC_WARN_UNUSED_FUNCTION = YES;
				GCC_WARN_UNUSED_VARIABLE = YES;
				IPHONEOS_DEPLOYMENT_TARGET = 9.1;
				MTL_ENABLE_DEBUG_INFO = YES;
				ONLY_ACTIVE_ARCH = YES;
				SDKROOT = iphoneos;
				SWIFT_OPTIMIZATION_LEVEL = "-Onone";
			};
			name = Debug;
		};
		63EC36C51C0E1E1000724221 /* Release */ = {
			isa = XCBuildConfiguration;
			buildSettings = {
				ALWAYS_SEARCH_USER_PATHS = NO;
				CLANG_CXX_LANGUAGE_STANDARD = "gnu++0x";
				CLANG_CXX_LIBRARY = "libc++";
				CLANG_ENABLE_MODULES = YES;
				CLANG_ENABLE_OBJC_ARC = YES;
				CLANG_WARN_BOOL_CONVERSION = YES;
				CLANG_WARN_CONSTANT_CONVERSION = YES;
				CLANG_WARN_DIRECT_OBJC_ISA_USAGE = YES_ERROR;
				CLANG_WARN_EMPTY_BODY = YES;
				CLANG_WARN_ENUM_CONVERSION = YES;
				CLANG_WARN_INT_CONVERSION = YES;
				CLANG_WARN_OBJC_ROOT_CLASS = YES_ERROR;
				CLANG_WARN_UNREACHABLE_CODE = YES;
				CLANG_WARN__DUPLICATE_METHOD_MATCH = YES;
				"CODE_SIGN_IDENTITY[sdk=iphoneos*]" = "iPhone Developer";
				COPY_PHASE_STRIP = NO;
				DEBUG_INFORMATION_FORMAT = "dwarf-with-dsym";
				ENABLE_NS_ASSERTIONS = NO;
				ENABLE_STRICT_OBJC_MSGSEND = YES;
				GCC_C_LANGUAGE_STANDARD = gnu99;
				GCC_NO_COMMON_BLOCKS = YES;
				GCC_WARN_64_TO_32_BIT_CONVERSION = YES;
				GCC_WARN_ABOUT_RETURN_TYPE = YES_ERROR;
				GCC_WARN_UNDECLARED_SELECTOR = YES;
				GCC_WARN_UNINITIALIZED_AUTOS = YES_AGGRESSIVE;
				GCC_WARN_UNUSED_FUNCTION = YES;
				GCC_WARN_UNUSED_VARIABLE = YES;
				IPHONEOS_DEPLOYMENT_TARGET = 9.1;
				MTL_ENABLE_DEBUG_INFO = NO;
				SDKROOT = iphoneos;
				VALIDATE_PRODUCT = YES;
			};
			name = Release;
		};
		63EC36C71C0E1E1000724221 /* Debug */ = {
			isa = XCBuildConfiguration;
			buildSettings = {
				ASSETCATALOG_COMPILER_APPICON_NAME = AppIcon;
				INFOPLIST_FILE = SemanaCuatroVelocimetroMBV/Info.plist;
				LD_RUNPATH_SEARCH_PATHS = "$(inherited) @executable_path/Frameworks";
				PRODUCT_BUNDLE_IDENTIFIER = mbenaventev.SemanaCuatroVelocimetroMBV;
				PRODUCT_NAME = "$(TARGET_NAME)";
			};
			name = Debug;
		};
		63EC36C81C0E1E1000724221 /* Release */ = {
			isa = XCBuildConfiguration;
			buildSettings = {
				ASSETCATALOG_COMPILER_APPICON_NAME = AppIcon;
				INFOPLIST_FILE = SemanaCuatroVelocimetroMBV/Info.plist;
				LD_RUNPATH_SEARCH_PATHS = "$(inherited) @executable_path/Frameworks";
				PRODUCT_BUNDLE_IDENTIFIER = mbenaventev.SemanaCuatroVelocimetroMBV;
				PRODUCT_NAME = "$(TARGET_NAME)";
			};
			name = Release;
		};
		63EC36CA1C0E1E1000724221 /* Debug */ = {
			isa = XCBuildConfiguration;
			buildSettings = {
				BUNDLE_LOADER = "$(TEST_HOST)";
				INFOPLIST_FILE = SemanaCuatroVelocimetroMBVTests/Info.plist;
				LD_RUNPATH_SEARCH_PATHS = "$(inherited) @executable_path/Frameworks @loader_path/Frameworks";
				PRODUCT_BUNDLE_IDENTIFIER = mbenaventev.SemanaCuatroVelocimetroMBVTests;
				PRODUCT_NAME = "$(TARGET_NAME)";
				TEST_HOST = "$(BUILT_PRODUCTS_DIR)/SemanaCuatroVelocimetroMBV.app/SemanaCuatroVelocimetroMBV";
			};
			name = Debug;
		};
		63EC36CB1C0E1E1000724221 /* Release */ = {
			isa = XCBuildConfiguration;
			buildSettings = {
				BUNDLE_LOADER = "$(TEST_HOST)";
				INFOPLIST_FILE = SemanaCuatroVelocimetroMBVTests/Info.plist;
				LD_RUNPATH_SEARCH_PATHS = "$(inherited) @executable_path/Frameworks @loader_path/Frameworks";
				PRODUCT_BUNDLE_IDENTIFIER = mbenaventev.SemanaCuatroVelocimetroMBVTests;
				PRODUCT_NAME = "$(TARGET_NAME)";
				TEST_HOST = "$(BUILT_PRODUCTS_DIR)/SemanaCuatroVelocimetroMBV.app/SemanaCuatroVelocimetroMBV";
			};
			name = Release;
		};
		63EC36CD1C0E1E1000724221 /* Debug */ = {
			isa = XCBuildConfiguration;
			buildSettings = {
				INFOPLIST_FILE = SemanaCuatroVelocimetroMBVUITests/Info.plist;
				LD_RUNPATH_SEARCH_PATHS = "$(inherited) @executable_path/Frameworks @loader_path/Frameworks";
				PRODUCT_BUNDLE_IDENTIFIER = mbenaventev.SemanaCuatroVelocimetroMBVUITests;
				PRODUCT_NAME = "$(TARGET_NAME)";
				TEST_TARGET_NAME = SemanaCuatroVelocimetroMBV;
				USES_XCTRUNNER = YES;
			};
			name = Debug;
		};
		63EC36CE1C0E1E1000724221 /* Release */ = {
			isa = XCBuildConfiguration;
			buildSettings = {
				INFOPLIST_FILE = SemanaCuatroVelocimetroMBVUITests/Info.plist;
				LD_RUNPATH_SEARCH_PATHS = "$(inherited) @executable_path/Frameworks @loader_path/Frameworks";
				PRODUCT_BUNDLE_IDENTIFIER = mbenaventev.SemanaCuatroVelocimetroMBVUITests;
				PRODUCT_NAME = "$(TARGET_NAME)";
				TEST_TARGET_NAME = SemanaCuatroVelocimetroMBV;
				USES_XCTRUNNER = YES;
			};
			name = Release;
		};
/* End XCBuildConfiguration section */

/* Begin XCConfigurationList section */
		63EC36991C0E1E1000724221 /* Build configuration list for PBXProject "SemanaCuatroVelocimetroMBV" */ = {
			isa = XCConfigurationList;
			buildConfigurations = (
				63EC36C41C0E1E1000724221 /* Debug */,
				63EC36C51C0E1E1000724221 /* Release */,
			);
			defaultConfigurationIsVisible = 0;
			defaultConfigurationName = Release;
		};
		63EC36C61C0E1E1000724221 /* Build configuration list for PBXNativeTarget "SemanaCuatroVelocimetroMBV" */ = {
			isa = XCConfigurationList;
			buildConfigurations = (
				63EC36C71C0E1E1000724221 /* Debug */,
				63EC36C81C0E1E1000724221 /* Release */,
			);
			defaultConfigurationIsVisible = 0;
		};
		63EC36C91C0E1E1000724221 /* Build configuration list for PBXNativeTarget "SemanaCuatroVelocimetroMBVTests" */ = {
			isa = XCConfigurationList;
			buildConfigurations = (
				63EC36CA1C0E1E1000724221 /* Debug */,
				63EC36CB1C0E1E1000724221 /* Release */,
			);
			defaultConfigurationIsVisible = 0;
		};
		63EC36CC1C0E1E1000724221 /* Build configuration list for PBXNativeTarget "SemanaCuatroVelocimetroMBVUITests" */ = {
			isa = XCConfigurationList;
			buildConfigurations = (
				63EC36CD1C0E1E1000724221 /* Debug */,
				63EC36CE1C0E1E1000724221 /* Release */,
			);
			defaultConfigurationIsVisible = 0;
		};
/* End XCConfigurationList section */
	};
	rootObject = 63EC36961C0E1E1000724221 /* Project object */;
}
